
Microsoft Visual Studio Solution File, Format Version 12.00
# Visual Studio Version 16
VisualStudioVersion = 16.0.31019.35
MinimumVisualStudioVersion = 10.0.40219.1
Project("{FAE04EC0-301F-11D3-BF4B-00C04F79EFBC}") = "TaskFlow", "TaskFlow\TaskFlow.csproj", "{152F8DD3-A3B6-4B05-A8BC-781D032369E7}"
EndProject
Global
	GlobalSection(SolutionConfigurationPlatforms) = preSolution
		Debug|Any CPU = Debug|Any CPU
		Release|Any CPU = Release|Any CPU
	EndGlobalSection
	GlobalSection(ProjectConfigurationPlatforms) = postSolution
		{152F8DD3-A3B6-4B05-A8BC-781D032369E7}.Debug|Any CPU.ActiveCfg = Debug|Any CPU
		{152F8DD3-A3B6-4B05-A8BC-781D032369E7}.Debug|Any CPU.Build.0 = Debug|Any CPU
		{152F8DD3-A3B6-4B05-A8BC-781D032369E7}.Release|Any CPU.ActiveCfg = Release|Any CPU
		{152F8DD3-A3B6-4B05-A8BC-781D032369E7}.Release|Any CPU.Build.0 = Release|Any CPU
	EndGlobalSection
	GlobalSection(SolutionProperties) = preSolution
		HideSolutionNode = FALSE
	EndGlobalSection
	GlobalSection(ExtensibilityGlobals) = postSolution
		SolutionGuid = {89D3F153-680F-4FB9-B5E1-4C0233B676D3}
	EndGlobalSection
EndGlobal
